
Microsoft Visual Studio Solution File, Format Version 12.00
# Visual Studio Version 16
VisualStudioVersion = 16.0.31025.218
MinimumVisualStudioVersion = 10.0.40219.1
Project("{9A19103F-16F7-4668-BE54-9A1E7A4F7556}") = "Aula01DB.Model", "Aula01DB.Model\Aula01DB.Model.csproj", "{13054F84-9D9C-4835-B12B-D4945D6EE25D}"
EndProject
Project("{9A19103F-16F7-4668-BE54-9A1E7A4F7556}") = "Aula01DB.Teste", "Aula01DB.Teste\Aula01DB.Teste.csproj", "{B067FA34-862C-4365-A7FC-FC240C09350D}"
EndProject
Project("{9A19103F-16F7-4668-BE54-9A1E7A4F7556}") = "Aula01DB.View", "Aula01DB.View\Aula01DB.View.csproj", "{7A1ACB1F-CB0A-4A26-A7EC-C6461E0CFC66}"
EndProject
Global
	GlobalSection(SolutionConfigurationPlatforms) = preSolution
		Debug|Any CPU = Debug|Any CPU
		Release|Any CPU = Release|Any CPU
	EndGlobalSection
	GlobalSection(ProjectConfigurationPlatforms) = postSolution
		{13054F84-9D9C-4835-B12B-D4945D6EE25D}.Debug|Any CPU.ActiveCfg = Debug|Any CPU
		{13054F84-9D9C-4835-B12B-D4945D6EE25D}.Debug|Any CPU.Build.0 = Debug|Any CPU
		{13054F84-9D9C-4835-B12B-D4945D6EE25D}.Release|Any CPU.ActiveCfg = Release|Any CPU
		{13054F84-9D9C-4835-B12B-D4945D6EE25D}.Release|Any CPU.Build.0 = Release|Any CPU
		{B067FA34-862C-4365-A7FC-FC240C09350D}.Debug|Any CPU.ActiveCfg = Debug|Any CPU
		{B067FA34-862C-4365-A7FC-FC240C09350D}.Debug|Any CPU.Build.0 = Debug|Any CPU
		{B067FA34-862C-4365-A7FC-FC240C09350D}.Release|Any CPU.ActiveCfg = Release|Any CPU
		{B067FA34-862C-4365-A7FC-FC240C09350D}.Release|Any CPU.Build.0 = Release|Any CPU
		{7A1ACB1F-CB0A-4A26-A7EC-C6461E0CFC66}.Debug|Any CPU.ActiveCfg = Debug|Any CPU
		{7A1ACB1F-CB0A-4A26-A7EC-C6461E0CFC66}.Debug|Any CPU.Build.0 = Debug|Any CPU
		{7A1ACB1F-CB0A-4A26-A7EC-C6461E0CFC66}.Release|Any CPU.ActiveCfg = Release|Any CPU
		{7A1ACB1F-CB0A-4A26-A7EC-C6461E0CFC66}.Release|Any CPU.Build.0 = Release|Any CPU
	EndGlobalSection
	GlobalSection(SolutionProperties) = preSolution
		HideSolutionNode = FALSE
	EndGlobalSection
	GlobalSection(ExtensibilityGlobals) = postSolution
		SolutionGuid = {3A04F90C-B395-4EA5-95B3-BBF943DBAFBB}
	EndGlobalSection
EndGlobal
